Microsoft Visual Studio Solution File, Format Version 12.00
# Visual Studio Version 17
VisualStudioVersion = 17.5.2.0
MinimumVisualStudioVersion = 10.0.40219.1
Project("{FAE04EC0-301F-11D3-BF4B-00C04F79EFBC}") = "GoFish", "GoFish.csproj", "{DD202275-3C31-FB18-AC26-0C6F1BAF61ED}"
EndProject
Global
	GlobalSection(SolutionConfigurationPlatforms) = preSolution
		Debug|Any CPU = Debug|Any CPU
		Release|Any CPU = Release|Any CPU
	EndGlobalSection
	GlobalSection(ProjectConfigurationPlatforms) = postSolution
		{DD202275-3C31-FB18-AC26-0C6F1BAF61ED}.Debug|Any CPU.ActiveCfg = Debug|Any CPU
		{DD202275-3C31-FB18-AC26-0C6F1BAF61ED}.Debug|Any CPU.Build.0 = Debug|Any CPU
		{DD202275-3C31-FB18-AC26-0C6F1BAF61ED}.Release|Any CPU.ActiveCfg = Release|Any CPU
		{DD202275-3C31-FB18-AC26-0C6F1BAF61ED}.Release|Any CPU.Build.0 = Release|Any CPU
	EndGlobalSection
	GlobalSection(SolutionProperties) = preSolution
		HideSolutionNode = FALSE
	EndGlobalSection
	GlobalSection(ExtensibilityGlobals) = postSolution
		SolutionGuid = {0F18F082-1374-43EE-B491-D3008A2063E6}
	EndGlobalSection
EndGlobal
